
Microsoft Visual Studio Solution File, Format Version 12.00
# Visual Studio Version 17
VisualStudioVersion = 17.10.35122.118
MinimumVisualStudioVersion = 10.0.40219.1
Project("{FAE04EC0-301F-11D3-BF4B-00C04F79EFBC}") = "MyTodoApp", "MyTodoApp\MyTodoApp.csproj", "{29973A97-43CC-4033-8783-D58961BDC894}"
EndProject
Global
	GlobalSection(SolutionConfigurationPlatforms) = preSolution
		Debug|Any CPU = Debug|Any CPU
		Release|Any CPU = Release|Any CPU
	EndGlobalSection
	GlobalSection(ProjectConfigurationPlatforms) = postSolution
		{29973A97-43CC-4033-8783-D58961BDC894}.Debug|Any CPU.ActiveCfg = Debug|Any CPU
		{29973A97-43CC-4033-8783-D58961BDC894}.Debug|Any CPU.Build.0 = Debug|Any CPU
		{29973A97-43CC-4033-8783-D58961BDC894}.Debug|Any CPU.Deploy.0 = Debug|Any CPU
		{29973A97-43CC-4033-8783-D58961BDC894}.Release|Any CPU.ActiveCfg = Release|Any CPU
		{29973A97-43CC-4033-8783-D58961BDC894}.Release|Any CPU.Build.0 = Release|Any CPU
		{29973A97-43CC-4033-8783-D58961BDC894}.Release|Any CPU.Deploy.0 = Release|Any CPU
	EndGlobalSection
	GlobalSection(SolutionProperties) = preSolution
		HideSolutionNode = FALSE
	EndGlobalSection
	GlobalSection(ExtensibilityGlobals) = postSolution
		SolutionGuid = {F02E1131-5CA9-408B-B7DF-BC1827F168BF}
	EndGlobalSection
EndGlobal
